<?xml version="1.0" encoding="utf-8"?>
<Project ToolsVersion="4.0" xmlns="http://schemas.microsoft.com/developer/msbuild/2003">
  <ItemGroup>
    <Filter Include="리소스 파일">
      <UniqueIdentifier>{67DA6AB6-F800-4c08-8B7A-83BB121AAD01}</UniqueIdentifier>
      <Extensions>rc;ico;cur;bmp;dlg;rc2;rct;bin;rgs;gif;jpg;jpeg;jpe;resx;tiff;tif;png;wav;mfcribbon-ms</Extensions>
    </Filter>
    <Filter Include="Engine">
      <UniqueIdentifier>{cdd4e3b8-3a03-4e6f-a970-25442bdf1857}</UniqueIdentifier>
    </Filter>
    <Filter Include="Engine\1. Header">
      <UniqueIdentifier>{3a4be653-29a2-4cfa-ba9a-24092cc873fc}</UniqueIdentifier>
    </Filter>
    <Filter Include="Engine\2. Core">
      <UniqueIdentifier>{8274767d-e2a0-42aa-b963-e5d80325b632}</UniqueIdentifier>
    </Filter>
    <Filter Include="Engine\3. Manager">
      <UniqueIdentifier>{24afce6d-edde-4dab-9c36-e5634bbc4522}</UniqueIdentifier>
    </Filter>
    <Filter Include="Engine\4. Object">
      <UniqueIdentifier>{2e3a69be-c1df-415b-a5bf-8fe121b47aa7}</UniqueIdentifier>
    </Filter>
    <Filter Include="Engine\5. Scene">
      <UniqueIdentifier>{d28e19f4-eec9-4bc6-9666-7457337f35df}</UniqueIdentifier>
    </Filter>
    <Filter Include="Engine\6. Resource">
      <UniqueIdentifier>{f6cc2fbb-e003-4bae-85b9-8b9a3d66de3e}</UniqueIdentifier>
    </Filter>
    <Filter Include="Engine\7. Component">
      <UniqueIdentifier>{aa4ebfa5-1887-45af-9f1c-535fc9b1c979}</UniqueIdentifier>
    </Filter>
    <Filter Include="Engine\9. Pattern">
      <UniqueIdentifier>{44cfb47f-28a2-4fc8-ba90-b4d71cc2d235}</UniqueIdentifier>
    </Filter>
    <Filter Include="Engine\7. Component\AI">
      <UniqueIdentifier>{35d42478-88db-4516-9dfe-e67eff3b0740}</UniqueIdentifier>
    </Filter>
    <Filter Include="Engine\7. Component\Animation">
      <UniqueIdentifier>{fbc44d7c-5624-4ae7-adba-571838d46ad4}</UniqueIdentifier>
    </Filter>
    <Filter Include="Engine\4. Object\UI">
      <UniqueIdentifier>{64563912-2f92-43a1-a415-294b9cd7c661}</UniqueIdentifier>
    </Filter>
    <Filter Include="Default">
      <UniqueIdentifier>{d444b45a-7d73-47b3-92f9-5f537884ad79}</UniqueIdentifier>
    </Filter>
    <Filter Include="Engine\3. Manager\Camera">
      <UniqueIdentifier>{0a329a41-4e01-434d-96eb-812128334ede}</UniqueIdentifier>
    </Filter>
    <Filter Include="Engine\7. Component\Controller">
      <UniqueIdentifier>{df5684ec-7c1d-41f4-8537-4f4602aa833e}</UniqueIdentifier>
    </Filter>
    <Filter Include="Engine\4. Object\Actor">
      <UniqueIdentifier>{bd48e6b0-85b8-4a16-a191-01c389b54ad5}</UniqueIdentifier>
    </Filter>
    <Filter Include="Engine\4. Object\Base">
      <UniqueIdentifier>{fcb343b9-b500-4b86-8341-5814a1df9029}</UniqueIdentifier>
    </Filter>
    <Filter Include="Engine\3. Manager\CollisionMgr">
      <UniqueIdentifier>{1488670f-d5f4-4a83-aea2-8937c8907b9a}</UniqueIdentifier>
    </Filter>
    <Filter Include="Engine\3. Manager\EventMgr">
      <UniqueIdentifier>{bb915bf3-89a6-4f2c-87f1-0d7692ac4fa9}</UniqueIdentifier>
    </Filter>
    <Filter Include="Engine\3. Manager\KeyMgr">
      <UniqueIdentifier>{c2b3a8f5-2e6c-4b72-af5c-3ad8559cab7f}</UniqueIdentifier>
    </Filter>
    <Filter Include="Engine\3. Manager\PathMgr">
      <UniqueIdentifier>{e65acd45-1840-4a34-a1bc-c4b11cc41591}</UniqueIdentifier>
    </Filter>
    <Filter Include="Engine\3. Manager\ResMgr">
      <UniqueIdentifier>{97ac01b7-7376-48b7-b4bb-d8be2bb4b942}</UniqueIdentifier>
    </Filter>
    <Filter Include="Engine\3. Manager\SceneMgr">
      <UniqueIdentifier>{8a641533-3d79-4d80-a2a2-f138b0673ce0}</UniqueIdentifier>
    </Filter>
    <Filter Include="Engine\3. Manager\TimeMgr">
      <UniqueIdentifier>{f6c6212d-a9ef-4a25-94cc-72fd618fca78}</UniqueIdentifier>
    </Filter>
    <Filter Include="Engine\3. Manager\UIMgr">
      <UniqueIdentifier>{f3aab773-e07d-4dad-91a2-979c062fa002}</UniqueIdentifier>
    </Filter>
    <Filter Include="Engine\8. Tool">
      <UniqueIdentifier>{f0e0f2fd-4551-4e79-be6b-19a62c533365}</UniqueIdentifier>
    </Filter>
    <Filter Include="Engine\7. Component\Physics">
      <UniqueIdentifier>{cc8244ed-7c7e-497b-b5e2-e31a1c879e95}</UniqueIdentifier>
    </Filter>
    <Filter Include="Engine\7. Component\FSM">
      <UniqueIdentifier>{71ee11c0-47c3-45e3-9b8e-8da5eb6be851}</UniqueIdentifier>
    </Filter>
    <Filter Include="Engine\3. Manager\NetworkMgr">
      <UniqueIdentifier>{5a6300fd-f929-4cfa-ae3f-982a46193a92}</UniqueIdentifier>
    </Filter>
    <Filter Include="Engine\7. Component\Base">
      <UniqueIdentifier>{e83c646d-485f-4f09-931d-6652df7d7817}</UniqueIdentifier>
    </Filter>
  </ItemGroup>
  <ItemGroup>
    <ClInclude Include="define.h">
      <Filter>Engine\1. Header</Filter>
    </ClInclude>
    <ClInclude Include="func.h">
      <Filter>Engine\1. Header</Filter>
    </ClInclude>
    <ClInclude Include="Global.h">
      <Filter>Engine\1. Header</Filter>
    </ClInclude>
    <ClInclude Include="Vec.h">
      <Filter>Engine\1. Header</Filter>
    </ClInclude>
    <ClInclude Include="CCore.h">
      <Filter>Engine\2. Core</Filter>
    </ClInclude>
    <ClInclude Include="CScene.h">
      <Filter>Engine\5. Scene</Filter>
    </ClInclude>
    <ClInclude Include="CScene_Tool.h">
      <Filter>Engine\5. Scene</Filter>
    </ClInclude>
    <ClInclude Include="CScene_Start.h">
      <Filter>Engine\5. Scene</Filter>
    </ClInclude>
    <ClInclude Include="CRes.h">
      <Filter>Engine\6. Resource</Filter>
    </ClInclude>
    <ClInclude Include="CSound.h">
      <Filter>Engine\6. Resource</Filter>
    </ClInclude>
    <ClInclude Include="CTexture.h">
      <Filter>Engine\6. Resource</Filter>
    </ClInclude>
    <ClInclude Include="SelectGDI.h">
      <Filter>Engine\8. Tool</Filter>
    </ClInclude>
    <ClInclude Include="CMonFactory.h">
      <Filter>Engine\9. Pattern</Filter>
    </ClInclude>
    <ClInclude Include="AI.h">
      <Filter>Engine\7. Component\AI</Filter>
    </ClInclude>
    <ClInclude Include="CAnimation.h">
      <Filter>Engine\7. Component\Animation</Filter>
    </ClInclude>
    <ClInclude Include="CAnimator.h">
      <Filter>Engine\7. Component\Animation</Filter>
    </ClInclude>
    <ClInclude Include="CCollider.h">
      <Filter>Engine\7. Component\Physics</Filter>
    </ClInclude>
    <ClInclude Include="CRigidBody.h">
      <Filter>Engine\7. Component\Physics</Filter>
    </ClInclude>
    <ClInclude Include="CBtnUI.h">
      <Filter>Engine\4. Object\UI</Filter>
    </ClInclude>
    <ClInclude Include="CUI.h">
      <Filter>Engine\4. Object\UI</Filter>
    </ClInclude>
    <ClInclude Include="CPanelUI.h">
      <Filter>Engine\4. Object\UI</Filter>
    </ClInclude>
    <ClInclude Include="framework.h">
      <Filter>Default</Filter>
    </ClInclude>
    <ClInclude Include="Metal_PL.h">
      <Filter>Default</Filter>
    </ClInclude>
    <ClInclude Include="Resource.h">
      <Filter>Default</Filter>
    </ClInclude>
    <ClInclude Include="targetver.h">
      <Filter>Default</Filter>
    </ClInclude>
    <ClInclude Include="CCamera.h">
      <Filter>Engine\3. Manager\Camera</Filter>
    </ClInclude>
    <ClInclude Include="CController.h">
      <Filter>Engine\7. Component\Controller</Filter>
    </ClInclude>
    <ClInclude Include="CMissile.h">
      <Filter>Engine\4. Object\Actor</Filter>
    </ClInclude>
    <ClInclude Include="CMonster.h">
      <Filter>Engine\4. Object\Actor</Filter>
    </ClInclude>
    <ClInclude Include="CPlayer.h">
      <Filter>Engine\4. Object\Actor</Filter>
    </ClInclude>
    <ClInclude Include="CTile.h">
      <Filter>Engine\4. Object\Base</Filter>
    </ClInclude>
    <ClInclude Include="CCollisionMgr.h">
      <Filter>Engine\3. Manager\CollisionMgr</Filter>
    </ClInclude>
    <ClInclude Include="CEventMgr.h">
      <Filter>Engine\3. Manager\EventMgr</Filter>
    </ClInclude>
    <ClInclude Include="CKeyMgr.h">
      <Filter>Engine\3. Manager\KeyMgr</Filter>
    </ClInclude>
    <ClInclude Include="CPathMgr.h">
      <Filter>Engine\3. Manager\PathMgr</Filter>
    </ClInclude>
    <ClInclude Include="CResMgr.h">
      <Filter>Engine\3. Manager\ResMgr</Filter>
    </ClInclude>
    <ClInclude Include="CSceneMgr.h">
      <Filter>Engine\3. Manager\SceneMgr</Filter>
    </ClInclude>
    <ClInclude Include="CTimeMgr.h">
      <Filter>Engine\3. Manager\TimeMgr</Filter>
    </ClInclude>
    <ClInclude Include="CUIMgr.h">
      <Filter>Engine\3. Manager\UIMgr</Filter>
    </ClInclude>
    <ClInclude Include="AnimTool.h">
      <Filter>Engine\8. Tool</Filter>
    </ClInclude>
    <ClInclude Include="CActor.h">
      <Filter>Engine\4. Object\Actor</Filter>
    </ClInclude>
    <ClInclude Include="CObject.h">
      <Filter>Engine\4. Object\Base</Filter>
    </ClInclude>
    <ClInclude Include="CGround.h">
      <Filter>Engine\4. Object\Actor</Filter>
    </ClInclude>
    <ClInclude Include="CStateMachine.h">
      <Filter>Engine\7. Component\FSM</Filter>
    </ClInclude>
    <ClInclude Include="CTraceStae.h">
      <Filter>Engine\7. Component\FSM</Filter>
    </ClInclude>
    <ClInclude Include="CState.h">
      <Filter>Engine\7. Component\FSM</Filter>
    </ClInclude>
    <ClInclude Include="CIdleState.h">
      <Filter>Engine\7. Component\FSM</Filter>
    </ClInclude>
    <ClInclude Include="CNetworkMgr.h">
      <Filter>Engine\3. Manager\NetworkMgr</Filter>
    </ClInclude>
    <ClInclude Include="CComponent.h">
      <Filter>Engine\7. Component\Base</Filter>
    </ClInclude>
  </ItemGroup>
  <ItemGroup>
    <ClCompile Include="func.cpp">
      <Filter>Engine\1. Header</Filter>
    </ClCompile>
    <ClCompile Include="CCore.cpp">
      <Filter>Engine\2. Core</Filter>
    </ClCompile>
    <ClCompile Include="CScene.cpp">
      <Filter>Engine\5. Scene</Filter>
    </ClCompile>
    <ClCompile Include="CScene_Tool.cpp">
      <Filter>Engine\5. Scene</Filter>
    </ClCompile>
    <ClCompile Include="CScene_Start.cpp">
      <Filter>Engine\5. Scene</Filter>
    </ClCompile>
    <ClCompile Include="CRes.cpp">
      <Filter>Engine\6. Resource</Filter>
    </ClCompile>
    <ClCompile Include="CTexture.cpp">
      <Filter>Engine\6. Resource</Filter>
    </ClCompile>
    <ClCompile Include="SelectGDI.cpp">
      <Filter>Engine\8. Tool</Filter>
    </ClCompile>
    <ClCompile Include="CMonFactory.cpp">
      <Filter>Engine\9. Pattern</Filter>
    </ClCompile>
    <ClCompile Include="CSound.cpp">
      <Filter>Engine\6. Resource</Filter>
    </ClCompile>
    <ClCompile Include="AI.cpp">
      <Filter>Engine\7. Component\AI</Filter>
    </ClCompile>
    <ClCompile Include="CAnimation.cpp">
      <Filter>Engine\7. Component\Animation</Filter>
    </ClCompile>
    <ClCompile Include="CAnimator.cpp">
      <Filter>Engine\7. Component\Animation</Filter>
    </ClCompile>
    <ClCompile Include="CCollider.cpp">
      <Filter>Engine\7. Component\Physics</Filter>
    </ClCompile>
    <ClCompile Include="CRigidBody.cpp">
      <Filter>Engine\7. Component\Physics</Filter>
    </ClCompile>
    <ClCompile Include="CBtnUI.cpp">
      <Filter>Engine\4. Object\UI</Filter>
    </ClCompile>
    <ClCompile Include="CUI.cpp">
      <Filter>Engine\4. Object\UI</Filter>
    </ClCompile>
    <ClCompile Include="CPanelUI.cpp">
      <Filter>Engine\4. Object\UI</Filter>
    </ClCompile>
    <ClCompile Include="Metal_PL.cpp" />
    <ClCompile Include="CCamera.cpp">
      <Filter>Engine\3. Manager\Camera</Filter>
    </ClCompile>
    <ClCompile Include="CController.cpp">
      <Filter>Engine\7. Component\Controller</Filter>
    </ClCompile>
    <ClCompile Include="CMissile.cpp">
      <Filter>Engine\4. Object\Actor</Filter>
    </ClCompile>
    <ClCompile Include="CMonster.cpp">
      <Filter>Engine\4. Object\Actor</Filter>
    </ClCompile>
    <ClCompile Include="CPlayer.cpp">
      <Filter>Engine\4. Object\Actor</Filter>
    </ClCompile>
    <ClCompile Include="CTile.cpp">
      <Filter>Engine\4. Object\Base</Filter>
    </ClCompile>
    <ClCompile Include="CCollisionMgr.cpp">
      <Filter>Engine\3. Manager\CollisionMgr</Filter>
    </ClCompile>
    <ClCompile Include="CEventMgr.cpp">
      <Filter>Engine\3. Manager\EventMgr</Filter>
    </ClCompile>
    <ClCompile Include="CKeyMgr.cpp">
      <Filter>Engine\3. Manager\KeyMgr</Filter>
    </ClCompile>
    <ClCompile Include="CPathMgr.cpp">
      <Filter>Engine\3. Manager\PathMgr</Filter>
    </ClCompile>
    <ClCompile Include="CResMgr.cpp">
      <Filter>Engine\3. Manager\ResMgr</Filter>
    </ClCompile>
    <ClCompile Include="CSceneMgr.cpp">
      <Filter>Engine\3. Manager\SceneMgr</Filter>
    </ClCompile>
    <ClCompile Include="CTimeMgr.cpp">
      <Filter>Engine\3. Manager\TimeMgr</Filter>
    </ClCompile>
    <ClCompile Include="CUIMgr.cpp">
      <Filter>Engine\3. Manager\UIMgr</Filter>
    </ClCompile>
    <ClCompile Include="AnimTool.cpp">
      <Filter>Engine\8. Tool</Filter>
    </ClCompile>
    <ClCompile Include="CActor.cpp">
      <Filter>Engine\4. Object\Actor</Filter>
    </ClCompile>
    <ClCompile Include="CObject.cpp">
      <Filter>Engine\4. Object\Base</Filter>
    </ClCompile>
    <ClCompile Include="CGround.cpp">
      <Filter>Engine\4. Object\Actor</Filter>
    </ClCompile>
    <ClCompile Include="CStateMachine.cpp">
      <Filter>Engine\7. Component\FSM</Filter>
    </ClCompile>
    <ClCompile Include="CTraceStae.cpp">
      <Filter>Engine\7. Component\FSM</Filter>
    </ClCompile>
    <ClCompile Include="CState.cpp">
      <Filter>Engine\7. Component\FSM</Filter>
    </ClCompile>
    <ClCompile Include="CIdleState.cpp">
      <Filter>Engine\7. Component\FSM</Filter>
    </ClCompile>
    <ClCompile Include="CNetworkMgr.cpp">
      <Filter>Engine\3. Manager\NetworkMgr</Filter>
    </ClCompile>
    <ClCompile Include="CComponent.cpp">
      <Filter>Engine\7. Component\Base</Filter>
    </ClCompile>
  </ItemGroup>
  <ItemGroup>
    <ResourceCompile Include="Meata_PL.rc">
      <Filter>리소스 파일</Filter>
    </ResourceCompile>
  </ItemGroup>
  <ItemGroup>
    <Image Include="small.ico">
      <Filter>리소스 파일</Filter>
    </Image>
    <Image Include="Meata_PL.ico">
      <Filter>리소스 파일</Filter>
    </Image>
  </ItemGroup>
</Project>